
Microsoft Visual Studio Solution File, Format Version 12.00
# Visual Studio Version 18
VisualStudioVersion = 18.0.11012.119
MinimumVisualStudioVersion = 10.0.40219.1
Project("{2150E333-8FDC-42A3-9474-1A3956D46DE8}") = "src", "src", "{827E0CD3-B72D-47B6-A68D-7590B98EB39B}"
	ProjectSection(SolutionItems) = preProject
		src\Directory.Build.props = src\Directory.Build.props
	EndProjectSection
EndProject
Project("{FAE04EC0-301F-11D3-BF4B-00C04F79EFBC}") = "Configuration.Writable", "src\Configuration.Writable\Configuration.Writable.csproj", "{C8D73896-0B9B-40C3-AE8D-FEB7113F2E99}"
EndProject
Project("{2150E333-8FDC-42A3-9474-1A3956D46DE8}") = "example", "example", "{1D587995-D2B1-D47C-23B4-E8E972FA15E9}"
EndProject
Project("{2150E333-8FDC-42A3-9474-1A3956D46DE8}") = "tests", "tests", "{0AB3BF05-4346-4AA6-1389-037BE0695223}"
	ProjectSection(SolutionItems) = preProject
		tests\Directory.Build.props = tests\Directory.Build.props
	EndProjectSection
EndProject
Project("{FAE04EC0-301F-11D3-BF4B-00C04F79EFBC}") = "Example.WorkerService", "example\Example.WorkerService\Example.WorkerService.csproj", "{97A056D3-B77D-4206-4F39-EF0E8C07668E}"
EndProject
Project("{FAE04EC0-301F-11D3-BF4B-00C04F79EFBC}") = "Configuration.Writable.Yaml", "src\Configuration.Writable.Yaml\Configuration.Writable.Yaml.csproj", "{4F795B8D-B9CF-4B6A-97DD-B714463A4524}"
EndProject
Project("{FAE04EC0-301F-11D3-BF4B-00C04F79EFBC}") = "Example.ConsoleApp", "example\Example.ConsoleApp\Example.ConsoleApp.csproj", "{1AE84166-409C-4F0D-8359-BA954E1A9E41}"
EndProject
Project("{FAE04EC0-301F-11D3-BF4B-00C04F79EFBC}") = "Configuration.Writable.Encrypt", "src\Configuration.Writable.Encrypt\Configuration.Writable.Encrypt.csproj", "{04EBAEFE-7884-9286-62B4-1F3F11D7A856}"
EndProject
Project("{FAE04EC0-301F-11D3-BF4B-00C04F79EFBC}") = "Configuration.Writable.Xml", "src\Configuration.Writable.Xml\Configuration.Writable.Xml.csproj", "{B4A76B94-295C-806F-8557-8837C85A67DA}"
EndProject
Project("{FAE04EC0-301F-11D3-BF4B-00C04F79EFBC}") = "Configuration.Writable.Tests", "tests\Configuration.Writable.Tests\Configuration.Writable.Tests.csproj", "{6CBB5866-BE7D-6D4D-AF68-453250005726}"
EndProject
Project("{FAE04EC0-301F-11D3-BF4B-00C04F79EFBC}") = "Configuration.Writable.Encrypt.Tests", "tests\Configuration.Writable.Encrypt.Tests\Configuration.Writable.Encrypt.Tests.csproj", "{53F08CCE-CDD0-B93A-5C7B-3DC284156266}"
EndProject
Project("{FAE04EC0-301F-11D3-BF4B-00C04F79EFBC}") = "Configuration.Writable.Xml.Tests", "tests\Configuration.Writable.Xml.Tests\Configuration.Writable.Xml.Tests.csproj", "{CF742FD7-87FD-10A2-ABE1-A0AE4EE0A607}"
EndProject
Project("{FAE04EC0-301F-11D3-BF4B-00C04F79EFBC}") = "Configuration.Writable.Yaml.Tests", "tests\Configuration.Writable.Yaml.Tests\Configuration.Writable.Yaml.Tests.csproj", "{C226B821-D408-7342-915D-56CAD648B24E}"
EndProject
Project("{FAE04EC0-301F-11D3-BF4B-00C04F79EFBC}") = "Example.MultiSettings", "example\Example.MultiSettings\Example.MultiSettings.csproj", "{725D7F66-4C14-489E-8EC0-BBDCF5EE7322}"
EndProject
Project("{FAE04EC0-301F-11D3-BF4B-00C04F79EFBC}") = "Configuration.Writable.Tests.PublicApi", "tests\Configuration.Writable.Tests.PublicApi\Configuration.Writable.Tests.PublicApi.csproj", "{90925F04-57CB-4E78-BAB4-30553801D2AD}"
EndProject
Project("{FAE04EC0-301F-11D3-BF4B-00C04F79EFBC}") = "Configuration.Writable.Core", "src\Configuration.Writable.Core\Configuration.Writable.Core.csproj", "{4A9EFE5D-157E-7AD7-935F-4F27B3D7DA92}"
EndProject
Project("{2150E333-8FDC-42A3-9474-1A3956D46DE8}") = "providers", "providers", "{0204B543-0BA5-499B-A2D7-14BAB07F10DF}"
EndProject
Project("{FAE04EC0-301F-11D3-BF4B-00C04F79EFBC}") = "Example.ConsoleApp.NativeAot", "example\Example.ConsoleApp.NativeAot\Example.ConsoleApp.NativeAot.csproj", "{2CF5BBAF-F95E-D4A8-B719-CA63214ACECC}"
EndProject
Global
	GlobalSection(SolutionConfigurationPlatforms) = preSolution
		Debug|Any CPU = Debug|Any CPU
		Release|Any CPU = Release|Any CPU
	EndGlobalSection
	GlobalSection(ProjectConfigurationPlatforms) = postSolution
		{C8D73896-0B9B-40C3-AE8D-FEB7113F2E99}.Debug|Any CPU.ActiveCfg = Debug|Any CPU
		{C8D73896-0B9B-40C3-AE8D-FEB7113F2E99}.Debug|Any CPU.Build.0 = Debug|Any CPU
		{C8D73896-0B9B-40C3-AE8D-FEB7113F2E99}.Release|Any CPU.ActiveCfg = Release|Any CPU
		{C8D73896-0B9B-40C3-AE8D-FEB7113F2E99}.Release|Any CPU.Build.0 = Release|Any CPU
		{97A056D3-B77D-4206-4F39-EF0E8C07668E}.Debug|Any CPU.ActiveCfg = Debug|Any CPU
		{97A056D3-B77D-4206-4F39-EF0E8C07668E}.Debug|Any CPU.Build.0 = Debug|Any CPU
		{97A056D3-B77D-4206-4F39-EF0E8C07668E}.Release|Any CPU.ActiveCfg = Release|Any CPU
		{97A056D3-B77D-4206-4F39-EF0E8C07668E}.Release|Any CPU.Build.0 = Release|Any CPU
		{4F795B8D-B9CF-4B6A-97DD-B714463A4524}.Debug|Any CPU.ActiveCfg = Debug|Any CPU
		{4F795B8D-B9CF-4B6A-97DD-B714463A4524}.Debug|Any CPU.Build.0 = Debug|Any CPU
		{4F795B8D-B9CF-4B6A-97DD-B714463A4524}.Release|Any CPU.ActiveCfg = Release|Any CPU
		{4F795B8D-B9CF-4B6A-97DD-B714463A4524}.Release|Any CPU.Build.0 = Release|Any CPU
		{1AE84166-409C-4F0D-8359-BA954E1A9E41}.Debug|Any CPU.ActiveCfg = Debug|Any CPU
		{1AE84166-409C-4F0D-8359-BA954E1A9E41}.Debug|Any CPU.Build.0 = Debug|Any CPU
		{1AE84166-409C-4F0D-8359-BA954E1A9E41}.Release|Any CPU.ActiveCfg = Release|Any CPU
		{1AE84166-409C-4F0D-8359-BA954E1A9E41}.Release|Any CPU.Build.0 = Release|Any CPU
		{04EBAEFE-7884-9286-62B4-1F3F11D7A856}.Debug|Any CPU.ActiveCfg = Debug|Any CPU
		{04EBAEFE-7884-9286-62B4-1F3F11D7A856}.Debug|Any CPU.Build.0 = Debug|Any CPU
		{04EBAEFE-7884-9286-62B4-1F3F11D7A856}.Release|Any CPU.ActiveCfg = Release|Any CPU
		{04EBAEFE-7884-9286-62B4-1F3F11D7A856}.Release|Any CPU.Build.0 = Release|Any CPU
		{B4A76B94-295C-806F-8557-8837C85A67DA}.Debug|Any CPU.ActiveCfg = Debug|Any CPU
		{B4A76B94-295C-806F-8557-8837C85A67DA}.Debug|Any CPU.Build.0 = Debug|Any CPU
		{B4A76B94-295C-806F-8557-8837C85A67DA}.Release|Any CPU.ActiveCfg = Release|Any CPU
		{B4A76B94-295C-806F-8557-8837C85A67DA}.Release|Any CPU.Build.0 = Release|Any CPU
		{6CBB5866-BE7D-6D4D-AF68-453250005726}.Debug|Any CPU.ActiveCfg = Debug|Any CPU
		{6CBB5866-BE7D-6D4D-AF68-453250005726}.Debug|Any CPU.Build.0 = Debug|Any CPU
		{6CBB5866-BE7D-6D4D-AF68-453250005726}.Release|Any CPU.ActiveCfg = Release|Any CPU
		{6CBB5866-BE7D-6D4D-AF68-453250005726}.Release|Any CPU.Build.0 = Release|Any CPU
		{53F08CCE-CDD0-B93A-5C7B-3DC284156266}.Debug|Any CPU.ActiveCfg = Debug|Any CPU
		{53F08CCE-CDD0-B93A-5C7B-3DC284156266}.Debug|Any CPU.Build.0 = Debug|Any CPU
		{53F08CCE-CDD0-B93A-5C7B-3DC284156266}.Release|Any CPU.ActiveCfg = Release|Any CPU
		{53F08CCE-CDD0-B93A-5C7B-3DC284156266}.Release|Any CPU.Build.0 = Release|Any CPU
		{CF742FD7-87FD-10A2-ABE1-A0AE4EE0A607}.Debug|Any CPU.ActiveCfg = Debug|Any CPU
		{CF742FD7-87FD-10A2-ABE1-A0AE4EE0A607}.Debug|Any CPU.Build.0 = Debug|Any CPU
		{CF742FD7-87FD-10A2-ABE1-A0AE4EE0A607}.Release|Any CPU.ActiveCfg = Release|Any CPU
		{CF742FD7-87FD-10A2-ABE1-A0AE4EE0A607}.Release|Any CPU.Build.0 = Release|Any CPU
		{C226B821-D408-7342-915D-56CAD648B24E}.Debug|Any CPU.ActiveCfg = Debug|Any CPU
		{C226B821-D408-7342-915D-56CAD648B24E}.Debug|Any CPU.Build.0 = Debug|Any CPU
		{C226B821-D408-7342-915D-56CAD648B24E}.Release|Any CPU.ActiveCfg = Release|Any CPU
		{C226B821-D408-7342-915D-56CAD648B24E}.Release|Any CPU.Build.0 = Release|Any CPU
		{725D7F66-4C14-489E-8EC0-BBDCF5EE7322}.Debug|Any CPU.ActiveCfg = Debug|Any CPU
		{725D7F66-4C14-489E-8EC0-BBDCF5EE7322}.Debug|Any CPU.Build.0 = Debug|Any CPU
		{725D7F66-4C14-489E-8EC0-BBDCF5EE7322}.Release|Any CPU.ActiveCfg = Release|Any CPU
		{725D7F66-4C14-489E-8EC0-BBDCF5EE7322}.Release|Any CPU.Build.0 = Release|Any CPU
		{90925F04-57CB-4E78-BAB4-30553801D2AD}.Debug|Any CPU.ActiveCfg = Debug|Any CPU
		{90925F04-57CB-4E78-BAB4-30553801D2AD}.Debug|Any CPU.Build.0 = Debug|Any CPU
		{90925F04-57CB-4E78-BAB4-30553801D2AD}.Release|Any CPU.ActiveCfg = Release|Any CPU
		{90925F04-57CB-4E78-BAB4-30553801D2AD}.Release|Any CPU.Build.0 = Release|Any CPU
		{4A9EFE5D-157E-7AD7-935F-4F27B3D7DA92}.Debug|Any CPU.ActiveCfg = Debug|Any CPU
		{4A9EFE5D-157E-7AD7-935F-4F27B3D7DA92}.Debug|Any CPU.Build.0 = Debug|Any CPU
		{4A9EFE5D-157E-7AD7-935F-4F27B3D7DA92}.Release|Any CPU.ActiveCfg = Release|Any CPU
		{4A9EFE5D-157E-7AD7-935F-4F27B3D7DA92}.Release|Any CPU.Build.0 = Release|Any CPU
		{2CF5BBAF-F95E-D4A8-B719-CA63214ACECC}.Debug|Any CPU.ActiveCfg = Debug|Any CPU
		{2CF5BBAF-F95E-D4A8-B719-CA63214ACECC}.Debug|Any CPU.Build.0 = Debug|Any CPU
		{2CF5BBAF-F95E-D4A8-B719-CA63214ACECC}.Release|Any CPU.ActiveCfg = Release|Any CPU
		{2CF5BBAF-F95E-D4A8-B719-CA63214ACECC}.Release|Any CPU.Build.0 = Release|Any CPU
	EndGlobalSection
	GlobalSection(SolutionProperties) = preSolution
		HideSolutionNode = FALSE
	EndGlobalSection
	GlobalSection(NestedProjects) = preSolution
		{C8D73896-0B9B-40C3-AE8D-FEB7113F2E99} = {827E0CD3-B72D-47B6-A68D-7590B98EB39B}
		{97A056D3-B77D-4206-4F39-EF0E8C07668E} = {1D587995-D2B1-D47C-23B4-E8E972FA15E9}
		{4F795B8D-B9CF-4B6A-97DD-B714463A4524} = {0204B543-0BA5-499B-A2D7-14BAB07F10DF}
		{1AE84166-409C-4F0D-8359-BA954E1A9E41} = {1D587995-D2B1-D47C-23B4-E8E972FA15E9}
		{04EBAEFE-7884-9286-62B4-1F3F11D7A856} = {0204B543-0BA5-499B-A2D7-14BAB07F10DF}
		{B4A76B94-295C-806F-8557-8837C85A67DA} = {0204B543-0BA5-499B-A2D7-14BAB07F10DF}
		{6CBB5866-BE7D-6D4D-AF68-453250005726} = {0AB3BF05-4346-4AA6-1389-037BE0695223}
		{53F08CCE-CDD0-B93A-5C7B-3DC284156266} = {0AB3BF05-4346-4AA6-1389-037BE0695223}
		{CF742FD7-87FD-10A2-ABE1-A0AE4EE0A607} = {0AB3BF05-4346-4AA6-1389-037BE0695223}
		{C226B821-D408-7342-915D-56CAD648B24E} = {0AB3BF05-4346-4AA6-1389-037BE0695223}
		{725D7F66-4C14-489E-8EC0-BBDCF5EE7322} = {1D587995-D2B1-D47C-23B4-E8E972FA15E9}
		{90925F04-57CB-4E78-BAB4-30553801D2AD} = {0AB3BF05-4346-4AA6-1389-037BE0695223}
		{4A9EFE5D-157E-7AD7-935F-4F27B3D7DA92} = {827E0CD3-B72D-47B6-A68D-7590B98EB39B}
		{0204B543-0BA5-499B-A2D7-14BAB07F10DF} = {827E0CD3-B72D-47B6-A68D-7590B98EB39B}
		{2CF5BBAF-F95E-D4A8-B719-CA63214ACECC} = {1D587995-D2B1-D47C-23B4-E8E972FA15E9}
	EndGlobalSection
	GlobalSection(ExtensibilityGlobals) = postSolution
		SolutionGuid = {E73558E3-09FC-4E17-896B-7BD02861757F}
	EndGlobalSection
EndGlobal
