
Microsoft Visual Studio Solution File, Format Version 12.00
# Visual Studio Version 17
VisualStudioVersion = 17.14.36221.1
MinimumVisualStudioVersion = 10.0.40219.1
Project("{2150E333-8FDC-42A3-9474-1A3956D46DE8}") = "src", "src", "{827E0CD3-B72D-47B6-A68D-7590B98EB39B}"
EndProject
Project("{FAE04EC0-301F-11D3-BF4B-00C04F79EFBC}") = "Configuration.Writable", "src\Configuration.Writable\Configuration.Writable.csproj", "{C8D73896-0B9B-40C3-AE8D-FEB7113F2E99}"
EndProject
Project("{2150E333-8FDC-42A3-9474-1A3956D46DE8}") = "example", "example", "{1D587995-D2B1-D47C-23B4-E8E972FA15E9}"
EndProject
Project("{2150E333-8FDC-42A3-9474-1A3956D46DE8}") = "tests", "tests", "{0AB3BF05-4346-4AA6-1389-037BE0695223}"
EndProject
Project("{FAE04EC0-301F-11D3-BF4B-00C04F79EFBC}") = "Example.WorkerService", "example\Example.WorkerService\Example.WorkerService.csproj", "{97A056D3-B77D-4206-4F39-EF0E8C07668E}"
EndProject
Global
	GlobalSection(SolutionConfigurationPlatforms) = preSolution
		Debug|Any CPU = Debug|Any CPU
		Release|Any CPU = Release|Any CPU
	EndGlobalSection
	GlobalSection(ProjectConfigurationPlatforms) = postSolution
		{C8D73896-0B9B-40C3-AE8D-FEB7113F2E99}.Debug|Any CPU.ActiveCfg = Debug|Any CPU
		{C8D73896-0B9B-40C3-AE8D-FEB7113F2E99}.Debug|Any CPU.Build.0 = Debug|Any CPU
		{C8D73896-0B9B-40C3-AE8D-FEB7113F2E99}.Release|Any CPU.ActiveCfg = Release|Any CPU
		{C8D73896-0B9B-40C3-AE8D-FEB7113F2E99}.Release|Any CPU.Build.0 = Release|Any CPU
		{97A056D3-B77D-4206-4F39-EF0E8C07668E}.Debug|Any CPU.ActiveCfg = Debug|Any CPU
		{97A056D3-B77D-4206-4F39-EF0E8C07668E}.Debug|Any CPU.Build.0 = Debug|Any CPU
		{97A056D3-B77D-4206-4F39-EF0E8C07668E}.Release|Any CPU.ActiveCfg = Release|Any CPU
		{97A056D3-B77D-4206-4F39-EF0E8C07668E}.Release|Any CPU.Build.0 = Release|Any CPU
	EndGlobalSection
	GlobalSection(SolutionProperties) = preSolution
		HideSolutionNode = FALSE
	EndGlobalSection
	GlobalSection(NestedProjects) = preSolution
		{C8D73896-0B9B-40C3-AE8D-FEB7113F2E99} = {827E0CD3-B72D-47B6-A68D-7590B98EB39B}
		{97A056D3-B77D-4206-4F39-EF0E8C07668E} = {1D587995-D2B1-D47C-23B4-E8E972FA15E9}
	EndGlobalSection
	GlobalSection(ExtensibilityGlobals) = postSolution
		SolutionGuid = {E73558E3-09FC-4E17-896B-7BD02861757F}
	EndGlobalSection
EndGlobal
